// !$*UTF8*$!
{
	archiveVersion = 1;
	classes = {
	};
	objectVersion = 48;
	objects = {

/* Begin PBXBuildFile section */
		2C075A541F8DFFF3001D482B /* GoogleService-Info.plist in Resources */ = {isa = PBXBuildFile; fileRef = 2C075A531F8DFEFC001D482B /* GoogleService-Info.plist */; };
		2C18CE1E1F841739009C6AF4 /* AppDelegate.swift in Sources */ = {isa = PBXBuildFile; fileRef = 2C18CE1D1F841739009C6AF4 /* AppDelegate.swift */; };
		2C18CE231F841739009C6AF4 /* Main.storyboard in Resources */ = {isa = PBXBuildFile; fileRef = 2C18CE211F841739009C6AF4 /* Main.storyboard */; };
		2C18CE251F841739009C6AF4 /* Assets.xcassets in Resources */ = {isa = PBXBuildFile; fileRef = 2C18CE241F841739009C6AF4 /* Assets.xcassets */; };
		2C18CE281F841739009C6AF4 /* LaunchScreen.storyboard in Resources */ = {isa = PBXBuildFile; fileRef = 2C18CE261F841739009C6AF4 /* LaunchScreen.storyboard */; };
		2C18CE4C1F84193F009C6AF4 /* HomeViewController.swift in Sources */ = {isa = PBXBuildFile; fileRef = 2C18CE4B1F84193F009C6AF4 /* HomeViewController.swift */; };
		2C18CE4E1F841E25009C6AF4 /* HomeCell.swift in Sources */ = {isa = PBXBuildFile; fileRef = 2C18CE4D1F841E25009C6AF4 /* HomeCell.swift */; };
		2C18CE501F842042009C6AF4 /* Monster.swift in Sources */ = {isa = PBXBuildFile; fileRef = 2C18CE4F1F842042009C6AF4 /* Monster.swift */; };
		2C6D1A711F8B60BC00477EAE /* detailsViewController.swift in Sources */ = {isa = PBXBuildFile; fileRef = 2C6D1A701F8B60BC00477EAE /* detailsViewController.swift */; };
		2C95BA9F1F8B7B9B0075CAAF /* AddViewController.swift in Sources */ = {isa = PBXBuildFile; fileRef = 2C95BA9E1F8B7B9B0075CAAF /* AddViewController.swift */; };
		F51C230F0B0E2C084B4499F2 /* Pods_Wanted_Monster.framework in Frameworks */ = {isa = PBXBuildFile; fileRef = 3C29BF807FBDC70181D90F3F /* Pods_Wanted_Monster.framework */; };
/* End PBXBuildFile section */

/* Begin PBXFileReference section */
		2C075A531F8DFEFC001D482B /* GoogleService-Info.plist */ = {isa = PBXFileReference; lastKnownFileType = text.plist.xml; name = "GoogleService-Info.plist"; path = "../../../Downloads/GoogleService-Info.plist"; sourceTree = "<group>"; };
		2C18CE1A1F841739009C6AF4 /* Wanted Monster.app */ = {isa = PBXFileReference; explicitFileType = wrapper.application; includeInIndex = 0; path = "Wanted Monster.app"; sourceTree = BUILT_PRODUCTS_DIR; };
		2C18CE1D1F841739009C6AF4 /* AppDelegate.swift */ = {isa = PBXFileReference; lastKnownFileType = sourcecode.swift; path = AppDelegate.swift; sourceTree = "<group>"; };
		2C18CE221F841739009C6AF4 /* Base */ = {isa = PBXFileReference; lastKnownFileType = file.storyboard; name = Base; path = Base.lproj/Main.storyboard; sourceTree = "<group>"; };
		2C18CE241F841739009C6AF4 /* Assets.xcassets */ = {isa = PBXFileReference; lastKnownFileType = folder.assetcatalog; path = Assets.xcassets; sourceTree = "<group>"; };
		2C18CE271F841739009C6AF4 /* Base */ = {isa = PBXFileReference; lastKnownFileType = file.storyboard; name = Base; path = Base.lproj/LaunchScreen.storyboard; sourceTree = "<group>"; };
		2C18CE291F841739009C6AF4 /* Info.plist */ = {isa = PBXFileReference; lastKnownFileType = text.plist.xml; path = Info.plist; sourceTree = "<group>"; };
		2C18CE4B1F84193F009C6AF4 /* HomeViewController.swift */ = {isa = PBXFileReference; lastKnownFileType = sourcecode.swift; path = HomeViewController.swift; sourceTree = "<group>"; };
		2C18CE4D1F841E25009C6AF4 /* HomeCell.swift */ = {isa = PBXFileReference; lastKnownFileType = sourcecode.swift; path = HomeCell.swift; sourceTree = "<group>"; };
		2C18CE4F1F842042009C6AF4 /* Monster.swift */ = {isa = PBXFileReference; lastKnownFileType = sourcecode.swift; path = Monster.swift; sourceTree = "<group>"; };
		2C6D1A701F8B60BC00477EAE /* detailsViewController.swift */ = {isa = PBXFileReference; lastKnownFileType = sourcecode.swift; path = detailsViewController.swift; sourceTree = "<group>"; };
		2C95BA9E1F8B7B9B0075CAAF /* AddViewController.swift */ = {isa = PBXFileReference; lastKnownFileType = sourcecode.swift; path = AddViewController.swift; sourceTree = "<group>"; };
		3C29BF807FBDC70181D90F3F /* Pods_Wanted_Monster.framework */ = {isa = PBXFileReference; explicitFileType = wrapper.framework; includeInIndex = 0; path = Pods_Wanted_Monster.framework; sourceTree = BUILT_PRODUCTS_DIR; };
		6EB5BCE29C1E0E350FC81465 /* Pods-Wanted Monster.release.xcconfig */ = {isa = PBXFileReference; includeInIndex = 1; lastKnownFileType = text.xcconfig; name = "Pods-Wanted Monster.release.xcconfig"; path = "Pods/Target Support Files/Pods-Wanted Monster/Pods-Wanted Monster.release.xcconfig"; sourceTree = "<group>"; };
		CB89E130EA347F1A6CF7FEF8 /* Pods-Wanted Monster.debug.xcconfig */ = {isa = PBXFileReference; includeInIndex = 1; lastKnownFileType = text.xcconfig; name = "Pods-Wanted Monster.debug.xcconfig"; path = "Pods/Target Support Files/Pods-Wanted Monster/Pods-Wanted Monster.debug.xcconfig"; sourceTree = "<group>"; };
/* End PBXFileReference section */

/* Begin PBXFrameworksBuildPhase section */
		2C18CE171F841739009C6AF4 /* Frameworks */ = {
			isa = PBXFrameworksBuildPhase;
			buildActionMask = 2147483647;
			files = (
				F51C230F0B0E2C084B4499F2 /* Pods_Wanted_Monster.framework in Frameworks */,
			);
			runOnlyForDeploymentPostprocessing = 0;
		};
/* End PBXFrameworksBuildPhase section */

/* Begin PBXGroup section */
		2C18CE111F841739009C6AF4 = {
			isa = PBXGroup;
			children = (
				2C18CE1C1F841739009C6AF4 /* Wanted Monster */,
				2C18CE1B1F841739009C6AF4 /* Products */,
				574788644DC23D7A6C2F1C34 /* Pods */,
				ED786B86E2F112721B6F40F9 /* Frameworks */,
			);
			sourceTree = "<group>";
		};
		2C18CE1B1F841739009C6AF4 /* Products */ = {
			isa = PBXGroup;
			children = (
				2C18CE1A1F841739009C6AF4 /* Wanted Monster.app */,
			);
			name = Products;
			sourceTree = "<group>";
		};
		2C18CE1C1F841739009C6AF4 /* Wanted Monster */ = {
			isa = PBXGroup;
			children = (
				2C075A531F8DFEFC001D482B /* GoogleService-Info.plist */,
				2C18CE4F1F842042009C6AF4 /* Monster.swift */,
				2C18CE1D1F841739009C6AF4 /* AppDelegate.swift */,
				2C18CE211F841739009C6AF4 /* Main.storyboard */,
				2C18CE241F841739009C6AF4 /* Assets.xcassets */,
				2C18CE261F841739009C6AF4 /* LaunchScreen.storyboard */,
				2C18CE291F841739009C6AF4 /* Info.plist */,
				2C18CE4B1F84193F009C6AF4 /* HomeViewController.swift */,
				2C18CE4D1F841E25009C6AF4 /* HomeCell.swift */,
				2C6D1A701F8B60BC00477EAE /* detailsViewController.swift */,
				2C95BA9E1F8B7B9B0075CAAF /* AddViewController.swift */,
			);
			path = "Wanted Monster";
			sourceTree = "<group>";
		};
		574788644DC23D7A6C2F1C34 /* Pods */ = {
			isa = PBXGroup;
			children = (
				CB89E130EA347F1A6CF7FEF8 /* Pods-Wanted Monster.debug.xcconfig */,
				6EB5BCE29C1E0E350FC81465 /* Pods-Wanted Monster.release.xcconfig */,
			);
			name = Pods;
			sourceTree = "<group>";
		};
		ED786B86E2F112721B6F40F9 /* Frameworks */ = {
			isa = PBXGroup;
			children = (
				3C29BF807FBDC70181D90F3F /* Pods_Wanted_Monster.framework */,
			);
			name = Frameworks;
			sourceTree = "<group>";
		};
/* End PBXGroup section */

/* Begin PBXNativeTarget section */
		2C18CE191F841739009C6AF4 /* Wanted Monster */ = {
			isa = PBXNativeTarget;
			buildConfigurationList = 2C18CE421F84173A009C6AF4 /* Build configuration list for PBXNativeTarget "Wanted Monster" */;
			buildPhases = (
				810EA392136E4F29D839972A /* [CP] Check Pods Manifest.lock */,
				2C18CE161F841739009C6AF4 /* Sources */,
				2C18CE171F841739009C6AF4 /* Frameworks */,
				2C18CE181F841739009C6AF4 /* Resources */,
				E6C56A4724D3305221DD1CCD /* [CP] Embed Pods Frameworks */,
				B87DF1C90D8E59A5F2AF339F /* [CP] Copy Pods Resources */,
			);
			buildRules = (
			);
			dependencies = (
			);
			name = "Wanted Monster";
			productName = "Wanted Monster";
			productReference = 2C18CE1A1F841739009C6AF4 /* Wanted Monster.app */;
			productType = "com.apple.product-type.application";
		};
/* End PBXNativeTarget section */

/* Begin PBXProject section */
		2C18CE121F841739009C6AF4 /* Project object */ = {
			isa = PBXProject;
			attributes = {
				LastSwiftUpdateCheck = 0900;
				LastUpgradeCheck = 0900;
				ORGANIZATIONNAME = "Marjolaine Roux";
				TargetAttributes = {
					2C18CE191F841739009C6AF4 = {
						CreatedOnToolsVersion = 9.0;
						ProvisioningStyle = Automatic;
					};
				};
			};
			buildConfigurationList = 2C18CE151F841739009C6AF4 /* Build configuration list for PBXProject "Wanted Monster" */;
			compatibilityVersion = "Xcode 8.0";
			developmentRegion = en;
			hasScannedForEncodings = 0;
			knownRegions = (
				en,
				Base,
			);
			mainGroup = 2C18CE111F841739009C6AF4;
			productRefGroup = 2C18CE1B1F841739009C6AF4 /* Products */;
			projectDirPath = "";
			projectRoot = "";
			targets = (
				2C18CE191F841739009C6AF4 /* Wanted Monster */,
			);
		};
/* End PBXProject section */

/* Begin PBXResourcesBuildPhase section */
		2C18CE181F841739009C6AF4 /* Resources */ = {
			isa = PBXResourcesBuildPhase;
			buildActionMask = 2147483647;
			files = (
				2C18CE281F841739009C6AF4 /* LaunchScreen.storyboard in Resources */,
				2C075A541F8DFFF3001D482B /* GoogleService-Info.plist in Resources */,
				2C18CE251F841739009C6AF4 /* Assets.xcassets in Resources */,
				2C18CE231F841739009C6AF4 /* Main.storyboard in Resources */,
			);
			runOnlyForDeploymentPostprocessing = 0;
		};
/* End PBXResourcesBuildPhase section */

/* Begin PBXShellScriptBuildPhase section */
		810EA392136E4F29D839972A /* [CP] Check Pods Manifest.lock */ = {
			isa = PBXShellScriptBuildPhase;
			buildActionMask = 2147483647;
			files = (
			);
			inputPaths = (
				"${PODS_PODFILE_DIR_PATH}/Podfile.lock",
				"${PODS_ROOT}/Manifest.lock",
			);
			name = "[CP] Check Pods Manifest.lock";
			outputPaths = (
				"$(DERIVED_FILE_DIR)/Pods-Wanted Monster-checkManifestLockResult.txt",
			);
			runOnlyForDeploymentPostprocessing = 0;
			shellPath = /bin/sh;
			shellScript = "diff \"${PODS_PODFILE_DIR_PATH}/Podfile.lock\" \"${PODS_ROOT}/Manifest.lock\" > /dev/null\nif [ $? != 0 ] ; then\n    # print error to STDERR\n    echo \"error: The sandbox is not in sync with the Podfile.lock. Run 'pod install' or update your CocoaPods installation.\" >&2\n    exit 1\nfi\n# This output is used by Xcode 'outputs' to avoid re-running this script phase.\necho \"SUCCESS\" > \"${SCRIPT_OUTPUT_FILE_0}\"\n";
			showEnvVarsInLog = 0;
		};
		B87DF1C90D8E59A5F2AF339F /* [CP] Copy Pods Resources */ = {
			isa = PBXShellScriptBuildPhase;
			buildActionMask = 2147483647;
			files = (
			);
			inputPaths = (
			);
			name = "[CP] Copy Pods Resources";
			outputPaths = (
			);
			runOnlyForDeploymentPostprocessing = 0;
			shellPath = /bin/sh;
			shellScript = "\"${SRCROOT}/Pods/Target Support Files/Pods-Wanted Monster/Pods-Wanted Monster-resources.sh\"\n";
			showEnvVarsInLog = 0;
		};
		E6C56A4724D3305221DD1CCD /* [CP] Embed Pods Frameworks */ = {
			isa = PBXShellScriptBuildPhase;
			buildActionMask = 2147483647;
			files = (
			);
			inputPaths = (
				"${SRCROOT}/Pods/Target Support Files/Pods-Wanted Monster/Pods-Wanted Monster-frameworks.sh",
				"${BUILT_PRODUCTS_DIR}/GTMSessionFetcher/GTMSessionFetcher.framework",
				"${BUILT_PRODUCTS_DIR}/GoogleToolboxForMac/GoogleToolboxForMac.framework",
				"${BUILT_PRODUCTS_DIR}/nanopb/nanopb.framework",
			);
			name = "[CP] Embed Pods Frameworks";
			outputPaths = (
				"${TARGET_BUILD_DIR}/${FRAMEWORKS_FOLDER_PATH}/GTMSessionFetcher.framework",
				"${TARGET_BUILD_DIR}/${FRAMEWORKS_FOLDER_PATH}/GoogleToolboxForMac.framework",
				"${TARGET_BUILD_DIR}/${FRAMEWORKS_FOLDER_PATH}/nanopb.framework",
			);
			runOnlyForDeploymentPostprocessing = 0;
			shellPath = /bin/sh;
			shellScript = "\"${SRCROOT}/Pods/Target Support Files/Pods-Wanted Monster/Pods-Wanted Monster-frameworks.sh\"\n";
			showEnvVarsInLog = 0;
		};
/* End PBXShellScriptBuildPhase section */

/* Begin PBXSourcesBuildPhase section */
		2C18CE161F841739009C6AF4 /* Sources */ = {
			isa = PBXSourcesBuildPhase;
			buildActionMask = 2147483647;
			files = (
				2C6D1A711F8B60BC00477EAE /* detailsViewController.swift in Sources */,
				2C18CE501F842042009C6AF4 /* Monster.swift in Sources */,
				2C95BA9F1F8B7B9B0075CAAF /* AddViewController.swift in Sources */,
				2C18CE1E1F841739009C6AF4 /* AppDelegate.swift in Sources */,
				2C18CE4E1F841E25009C6AF4 /* HomeCell.swift in Sources */,
				2C18CE4C1F84193F009C6AF4 /* HomeViewController.swift in Sources */,
			);
			runOnlyForDeploymentPostprocessing = 0;
		};
/* End PBXSourcesBuildPhase section */

/* Begin PBXVariantGroup section */
		2C18CE211F841739009C6AF4 /* Main.storyboard */ = {
			isa = PBXVariantGroup;
			children = (
				2C18CE221F841739009C6AF4 /* Base */,
			);
			name = Main.storyboard;
			sourceTree = "<group>";
		};
		2C18CE261F841739009C6AF4 /* LaunchScreen.storyboard */ = {
			isa = PBXVariantGroup;
			children = (
				2C18CE271F841739009C6AF4 /* Base */,
			);
			name = LaunchScreen.storyboard;
			sourceTree = "<group>";
		};
/* End PBXVariantGroup section */

/* Begin XCBuildConfiguration section */
		2C18CE401F84173A009C6AF4 /* Debug */ = {
			isa = XCBuildConfiguration;
			buildSettings = {
				ALWAYS_SEARCH_USER_PATHS = NO;
				CLANG_ANALYZER_NONNULL = YES;
				CLANG_ANALYZER_NUMBER_OBJECT_CONVERSION = YES_AGGRESSIVE;
				CLANG_CXX_LANGUAGE_STANDARD = "gnu++14";
				CLANG_CXX_LIBRARY = "libc++";
				CLANG_ENABLE_MODULES = YES;
				CLANG_ENABLE_OBJC_ARC = YES;
				CLANG_WARN_BLOCK_CAPTURE_AUTORELEASING = YES;
				CLANG_WARN_BOOL_CONVERSION = YES;
				CLANG_WARN_COMMA = YES;
				CLANG_WARN_CONSTANT_CONVERSION = YES;
				CLANG_WARN_DIRECT_OBJC_ISA_USAGE = YES_ERROR;
				CLANG_WARN_DOCUMENTATION_COMMENTS = YES;
				CLANG_WARN_EMPTY_BODY = YES;
				CLANG_WARN_ENUM_CONVERSION = YES;
				CLANG_WARN_INFINITE_RECURSION = YES;
				CLANG_WARN_INT_CONVERSION = YES;
				CLANG_WARN_NON_LITERAL_NULL_CONVERSION = YES;
				CLANG_WARN_OBJC_LITERAL_CONVERSION = YES;
				CLANG_WARN_OBJC_ROOT_CLASS = YES_ERROR;
				CLANG_WARN_RANGE_LOOP_ANALYSIS = YES;
				CLANG_WARN_STRICT_PROTOTYPES = YES;
				CLANG_WARN_SUSPICIOUS_MOVE = YES;
				CLANG_WARN_UNGUARDED_AVAILABILITY = YES_AGGRESSIVE;
				CLANG_WARN_UNREACHABLE_CODE = YES;
				CLANG_WARN__DUPLICATE_METHOD_MATCH = YES;
				CODE_SIGN_IDENTITY = "iPhone Developer";
				COPY_PHASE_STRIP = NO;
				DEBUG_INFORMATION_FORMAT = dwarf;
				ENABLE_STRICT_OBJC_MSGSEND = YES;
				ENABLE_TESTABILITY = YES;
				GCC_C_LANGUAGE_STANDARD = gnu11;
				GCC_DYNAMIC_NO_PIC = NO;
				GCC_NO_COMMON_BLOCKS = YES;
				GCC_OPTIMIZATION_LEVEL = 0;
				GCC_PREPROCESSOR_DEFINITIONS = (
					"DEBUG=1",
					"$(inherited)",
				);
				GCC_WARN_64_TO_32_BIT_CONVERSION = YES;
				GCC_WARN_ABOUT_RETURN_TYPE = YES_ERROR;
				GCC_WARN_UNDECLARED_SELECTOR = YES;
				GCC_WARN_UNINITIALIZED_AUTOS = YES_AGGRESSIVE;
				GCC_WARN_UNUSED_FUNCTION = YES;
				GCC_WARN_UNUSED_VARIABLE = YES;
				IPHONEOS_DEPLOYMENT_TARGET = 11.0;
				MTL_ENABLE_DEBUG_INFO = YES;
				ONLY_ACTIVE_ARCH = YES;
				SDKROOT = iphoneos;
				SWIFT_ACTIVE_COMPILATION_CONDITIONS = DEBUG;
				SWIFT_OPTIMIZATION_LEVEL = "-Onone";
			};
			name = Debug;
		};
		2C18CE411F84173A009C6AF4 /* Release */ = {
			isa = XCBuildConfiguration;
			buildSettings = {
				ALWAYS_SEARCH_USER_PATHS = NO;
				CLANG_ANALYZER_NONNULL = YES;
				CLANG_ANALYZER_NUMBER_OBJECT_CONVERSION = YES_AGGRESSIVE;
				CLANG_CXX_LANGUAGE_STANDARD = "gnu++14";
				CLANG_CXX_LIBRARY = "libc++";
				CLANG_ENABLE_MODULES = YES;
				CLANG_ENABLE_OBJC_ARC = YES;
				CLANG_WARN_BLOCK_CAPTURE_AUTORELEASING = YES;
				CLANG_WARN_BOOL_CONVERSION = YES;
				CLANG_WARN_COMMA = YES;
				CLANG_WARN_CONSTANT_CONVERSION = YES;
				CLANG_WARN_DIRECT_OBJC_ISA_USAGE = YES_ERROR;
				CLANG_WARN_DOCUMENTATION_COMMENTS = YES;
				CLANG_WARN_EMPTY_BODY = YES;
				CLANG_WARN_ENUM_CONVERSION = YES;
				CLANG_WARN_INFINITE_RECURSION = YES;
				CLANG_WARN_INT_CONVERSION = YES;
				CLANG_WARN_NON_LITERAL_NULL_CONVERSION = YES;
				CLANG_WARN_OBJC_LITERAL_CONVERSION = YES;
				CLANG_WARN_OBJC_ROOT_CLASS = YES_ERROR;
				CLANG_WARN_RANGE_LOOP_ANALYSIS = YES;
				CLANG_WARN_STRICT_PROTOTYPES = YES;
				CLANG_WARN_SUSPICIOUS_MOVE = YES;
				CLANG_WARN_UNGUARDED_AVAILABILITY = YES_AGGRESSIVE;
				CLANG_WARN_UNREACHABLE_CODE = YES;
				CLANG_WARN__DUPLICATE_METHOD_MATCH = YES;
				CODE_SIGN_IDENTITY = "iPhone Developer";
				COPY_PHASE_STRIP = NO;
				DEBUG_INFORMATION_FORMAT = "dwarf-with-dsym";
				ENABLE_NS_ASSERTIONS = NO;
				ENABLE_STRICT_OBJC_MSGSEND = YES;
				GCC_C_LANGUAGE_STANDARD = gnu11;
				GCC_NO_COMMON_BLOCKS = YES;
				GCC_WARN_64_TO_32_BIT_CONVERSION = YES;
				GCC_WARN_ABOUT_RETURN_TYPE = YES_ERROR;
				GCC_WARN_UNDECLARED_SELECTOR = YES;
				GCC_WARN_UNINITIALIZED_AUTOS = YES_AGGRESSIVE;
				GCC_WARN_UNUSED_FUNCTION = YES;
				GCC_WARN_UNUSED_VARIABLE = YES;
				IPHONEOS_DEPLOYMENT_TARGET = 11.0;
				MTL_ENABLE_DEBUG_INFO = NO;
				SDKROOT = iphoneos;
				SWIFT_OPTIMIZATION_LEVEL = "-Owholemodule";
				VALIDATE_PRODUCT = YES;
			};
			name = Release;
		};
		2C18CE431F84173A009C6AF4 /* Debug */ = {
			isa = XCBuildConfiguration;
			baseConfigurationReference = CB89E130EA347F1A6CF7FEF8 /* Pods-Wanted Monster.debug.xcconfig */;
			buildSettings = {
				ASSETCATALOG_COMPILER_APPICON_NAME = AppIcon;
				"CODE_SIGN_IDENTITY[sdk=iphoneos*]" = "iPhone Developer";
				CODE_SIGN_STYLE = Automatic;
				DEVELOPMENT_TEAM = M4MM84N22Q;
				INFOPLIST_FILE = "Wanted Monster/Info.plist";
				LD_RUNPATH_SEARCH_PATHS = "$(inherited) @executable_path/Frameworks";
				PRODUCT_BUNDLE_IDENTIFIER = "MR.Wanted-Monster";
				PRODUCT_NAME = "$(TARGET_NAME)";
				PROVISIONING_PROFILE_SPECIFIER = "";
				SWIFT_VERSION = 4.0;
				TARGETED_DEVICE_FAMILY = "1,2";
			};
			name = Debug;
		};
		2C18CE441F84173A009C6AF4 /* Release */ = {
			isa = XCBuildConfiguration;
			baseConfigurationReference = 6EB5BCE29C1E0E350FC81465 /* Pods-Wanted Monster.release.xcconfig */;
			buildSettings = {
				ASSETCATALOG_COMPILER_APPICON_NAME = AppIcon;
				"CODE_SIGN_IDENTITY[sdk=iphoneos*]" = "iPhone Developer";
				CODE_SIGN_STYLE = Automatic;
				DEVELOPMENT_TEAM = M4MM84N22Q;
				INFOPLIST_FILE = "Wanted Monster/Info.plist";
				LD_RUNPATH_SEARCH_PATHS = "$(inherited) @executable_path/Frameworks";
				PRODUCT_BUNDLE_IDENTIFIER = "MR.Wanted-Monster";
				PRODUCT_NAME = "$(TARGET_NAME)";
				PROVISIONING_PROFILE_SPECIFIER = "";
				SWIFT_VERSION = 4.0;
				TARGETED_DEVICE_FAMILY = "1,2";
			};
			name = Release;
		};
/* End XCBuildConfiguration section */

/* Begin XCConfigurationList section */
		2C18CE151F841739009C6AF4 /* Build configuration list for PBXProject "Wanted Monster" */ = {
			isa = XCConfigurationList;
			buildConfigurations = (
				2C18CE401F84173A009C6AF4 /* Debug */,
				2C18CE411F84173A009C6AF4 /* Release */,
			);
			defaultConfigurationIsVisible = 0;
			defaultConfigurationName = Release;
		};
		2C18CE421F84173A009C6AF4 /* Build configuration list for PBXNativeTarget "Wanted Monster" */ = {
			isa = XCConfigurationList;
			buildConfigurations = (
				2C18CE431F84173A009C6AF4 /* Debug */,
				2C18CE441F84173A009C6AF4 /* Release */,
			);
			defaultConfigurationIsVisible = 0;
			defaultConfigurationName = Release;
		};
/* End XCConfigurationList section */
	};
	rootObject = 2C18CE121F841739009C6AF4 /* Project object */;
}
